# THIS IS AN AUTOGENERATED FILE. DO NOT EDIT THIS FILE DIRECTLY.
# yarn lockfile v1


"@types/node@10.12.21":
  version "10.12.21"
  resolved "https://registry.yarnpkg.com/@types/node/-/node-10.12.21.tgz#7e8a0c34cf29f4e17a36e9bd0ea72d45ba03908e"
  integrity sha512-CBgLNk4o3XMnqMc0rhb6lc77IwShMEglz05deDcn2lQxyXEZivfwgYJu7SMha9V5XcrP6qZuevTHV/QrN2vjKQ==

ansi-colors@^3.2.1:
  version "3.2.3"
  resolved "https://registry.yarnpkg.com/ansi-colors/-/ansi-colors-3.2.3.tgz#57d35b8686e851e2cc04c403f1c00203976a1813"
  integrity sha512-LEHHyuhlPY3TmuUYMh2oz89lTShfvgbmzaBcxve9t/9Wuy7Dwf4yoAKcND7KFT1HAQfqZ12qtc+DUrBMeKF9nw==

crypto-random-string@^1.0.0:
  version "1.0.0"
  resolved "https://registry.yarnpkg.com/crypto-random-string/-/crypto-random-string-1.0.0.tgz#a230f64f568310e1498009940790ec99545bca7e"
  integrity sha1-ojD2T1aDEOFJgAmUB5DsmVRbyn4=

edit-briefly@^1.0.0:
  version "1.0.0"
  resolved "https://registry.yarnpkg.com/edit-briefly/-/edit-briefly-1.0.0.tgz#3726e9c718216ce0582f0709a663cb6c4e169b48"
  integrity sha512-pH/SkNKda9qoxRKzntlHaATciL1auKcZjc7PrbVYY8bzPbyeQd2X7JMhI+G1CF3uYzO8F7AFIcmyenRccils1w==
  dependencies:
    "@types/node" "10.12.21"
    tempy "0.2.1"

enquirer@^2.3.0:
  version "2.3.0"
  resolved "https://registry.yarnpkg.com/enquirer/-/enquirer-2.3.0.tgz#c362c9d84984ebe854def63caaf12983a16af552"
  integrity sha512-RNGUbRVlfnjmpxV+Ed+7CGu0rg3MK7MmlW+DW0v7V2zdAUBC1s4BxCRiIAozbYB2UJ+q4D+8tW9UFb11kF72/g==
  dependencies:
    ansi-colors "^3.2.1"

temp-dir@^1.0.0:
  version "1.0.0"
  resolved "https://registry.yarnpkg.com/temp-dir/-/temp-dir-1.0.0.tgz#0a7c0ea26d3a39afa7e0ebea9c1fc0bc4daa011d"
  integrity sha1-CnwOom06Oa+n4OvqnB/AvE2qAR0=

tempy@0.2.1:
  version "0.2.1"
  resolved "https://registry.yarnpkg.com/tempy/-/tempy-0.2.1.tgz#9038e4dbd1c201b74472214179bc2c6f7776e54c"
  integrity sha512-LB83o9bfZGrntdqPuRdanIVCPReam9SOZKW0fOy5I9X3A854GGWi0tjCqoXEk84XIEYBc/x9Hq3EFop/H5wJaw==
  dependencies:
    temp-dir "^1.0.0"
    unique-string "^1.0.0"

unique-string@^1.0.0:
  version "1.0.0"
  resolved "https://registry.yarnpkg.com/unique-string/-/unique-string-1.0.0.tgz#9e1057cca851abb93398f8b33ae187b99caec11a"
  integrity sha1-nhBXzKhRq7kzmPizOuGHuZyuwRo=
  dependencies:
    crypto-random-string "^1.0.0"
